
Microsoft Visual Studio Solution File, Format Version 12.00
# Visual Studio 15
VisualStudioVersion = 15.0.26730.16
MinimumVisualStudioVersion = 10.0.40219.1
Project("{9A19103F-16F7-4668-BE54-9A1E7A4F7556}") = "FunctionAppVS2017", "FunctionAppVS2017\FunctionAppVS2017.csproj", "{B1E4DB98-4CE5-44BF-936F-74E2D0C5954E}"
EndProject
Project("{FAE04EC0-301F-11D3-BF4B-00C04F79EFBC}") = "MyClassLibrary", "MyClassLibrary\MyClassLibrary.csproj", "{70C7C75A-5F5A-4FB4-80B5-D76D86C058C2}"
EndProject
Global
	GlobalSection(SolutionConfigurationPlatforms) = preSolution
		Debug|Any CPU = Debug|Any CPU
		Release|Any CPU = Release|Any CPU
	EndGlobalSection
	GlobalSection(ProjectConfigurationPlatforms) = postSolution
		{B1E4DB98-4CE5-44BF-936F-74E2D0C5954E}.Debug|Any CPU.ActiveCfg = Debug|Any CPU
		{B1E4DB98-4CE5-44BF-936F-74E2D0C5954E}.Debug|Any CPU.Build.0 = Debug|Any CPU
		{B1E4DB98-4CE5-44BF-936F-74E2D0C5954E}.Release|Any CPU.ActiveCfg = Release|Any CPU
		{B1E4DB98-4CE5-44BF-936F-74E2D0C5954E}.Release|Any CPU.Build.0 = Release|Any CPU
		{70C7C75A-5F5A-4FB4-80B5-D76D86C058C2}.Debug|Any CPU.ActiveCfg = Debug|Any CPU
		{70C7C75A-5F5A-4FB4-80B5-D76D86C058C2}.Debug|Any CPU.Build.0 = Debug|Any CPU
		{70C7C75A-5F5A-4FB4-80B5-D76D86C058C2}.Release|Any CPU.ActiveCfg = Release|Any CPU
		{70C7C75A-5F5A-4FB4-80B5-D76D86C058C2}.Release|Any CPU.Build.0 = Release|Any CPU
	EndGlobalSection
	GlobalSection(SolutionProperties) = preSolution
		HideSolutionNode = FALSE
	EndGlobalSection
	GlobalSection(ExtensibilityGlobals) = postSolution
		SolutionGuid = {03249237-8ED2-4CCC-A055-4FA61DD53B40}
	EndGlobalSection
EndGlobal
